{
  "name": "hackernews-vue-apollo",
  "version": "1.0.0",
  "lockfileVersion": 1,
  "requires": true,
  "dependencies": {
    "@types/async": {
      "version": "2.0.49",
      "resolved": "https://registry.npmjs.org/@types/async/-/async-2.0.49.tgz",
      "integrity": "sha512-Benr3i5odUkvpFkOpzGqrltGdbSs+EVCkEBGXbuR7uT0VzhXKIkhem6PDzHdx5EonA+rfbB3QvP6aDOw5+zp5Q==",
      "optional": true
    },
    "@types/graphql": {
      "version": "0.12.6",
      "resolved": "https://registry.npmjs.org/@types/graphql/-/graphql-0.12.6.tgz",
      "integrity": "sha512-wXAVyLfkG1UMkKOdMijVWFky39+OD/41KftzqfX1Oejd0Gm6dOIKjCihSVECg6X7PHjftxXmfOKA/d1H79ZfvQ=="
    },
    "@types/zen-observable": {
      "version": "0.5.3",
      "resolved": "https://registry.npmjs.org/@types/zen-observable/-/zen-observable-0.5.3.tgz",
      "integrity": "sha512-aDvGDAHcVfUqNmd8q4//cHAP+HGxsbChbBbuk3+kMVk5TTxfWLpQWvVN3+UPjohLnwMYN7jr6BWNn2cYNqdm7g=="
    },
    "apollo-boost": {
      "version": "0.1.6",
      "resolved": "https://registry.npmjs.org/apollo-boost/-/apollo-boost-0.1.6.tgz",
      "integrity": "sha512-z29fxgaNV7HLCcjgS7MgqPKdMc9is1pf4gaVk2ma9JvMZEwq7d5mAc1sBSq+u6de/oUdElES6f1wc1v1HruU+A==",
      "requires": {
        "apollo-cache-inmemory": "1.2.1",
        "apollo-client": "2.3.1",
        "apollo-link": "1.2.2",
        "apollo-link-error": "1.0.9",
        "apollo-link-http": "1.5.4",
        "apollo-link-state": "0.4.1",
        "graphql-tag": "2.9.2"
      }
    },
    "apollo-cache": {
      "version": "1.1.8",
      "resolved": "https://registry.npmjs.org/apollo-cache/-/apollo-cache-1.1.8.tgz",
      "integrity": "sha512-w2dzVVxosPK+9HQUBJ/P0fQMdAslWr/a1NHPubtN/Guwe93/k56IV0jDcJedMxXWzICuuI/gjZSYNAdb91WNWw==",
      "requires": {
        "apollo-utilities": "1.0.12"
      }
    },
    "apollo-cache-inmemory": {
      "version": "1.2.1",
      "resolved": "https://registry.npmjs.org/apollo-cache-inmemory/-/apollo-cache-inmemory-1.2.1.tgz",
      "integrity": "sha512-WZ5EGmJqellVX+PPmq0QeqeQJiZCjjfmkp3x+MV3DRMwTzT2jeJYQAYGIzJuq8PjG4V0vljVJK/Ad93PHqzgdQ==",
      "requires": {
        "apollo-cache": "1.1.8",
        "apollo-utilities": "1.0.12",
        "graphql-anywhere": "4.1.10"
      }
    },
    "apollo-client": {
      "version": "2.3.1",
      "resolved": "https://registry.npmjs.org/apollo-client/-/apollo-client-2.3.1.tgz",
      "integrity": "sha512-f+692AEAY0XYUPAO4nuSOIAy7jgqNw94bXuvMvKmFYdMwJLRIr5gOPUXgOwCYwwVo+NqWF6cy20dkZ4gkCWZ+Q==",
      "requires": {
        "@types/async": "2.0.49",
        "@types/zen-observable": "0.5.3",
        "apollo-cache": "1.1.8",
        "apollo-link": "1.2.2",
        "apollo-link-dedup": "1.0.9",
        "apollo-utilities": "1.0.12",
        "symbol-observable": "1.2.0",
        "zen-observable": "0.8.8"
      }
    },
    "apollo-link": {
      "version": "1.2.2",
      "resolved": "https://registry.npmjs.org/apollo-link/-/apollo-link-1.2.2.tgz",
      "integrity": "sha512-Uk/BC09dm61DZRDSu52nGq0nFhq7mcBPTjy5EEH1eunJndtCaNXQhQz/BjkI2NdrfGI+B+i5he6YSoRBhYizdw==",
      "requires": {
        "@types/graphql": "0.12.6",
        "apollo-utilities": "1.0.12",
        "zen-observable-ts": "0.8.9"
      }
    },
    "apollo-link-dedup": {
      "version": "1.0.9",
      "resolved": "https://registry.npmjs.org/apollo-link-dedup/-/apollo-link-dedup-1.0.9.tgz",
      "integrity": "sha512-RbuEKpmSHVMtoREMPh2wUFTeh65q+0XPVeqgaOP/rGEAfvLyOMvX0vT2nVaejMohoMxuUnfZwpldXaDFWnlVbg==",
      "requires": {
        "apollo-link": "1.2.2"
      }
    },
    "apollo-link-error": {
      "version": "1.0.9",
      "resolved": "https://registry.npmjs.org/apollo-link-error/-/apollo-link-error-1.0.9.tgz",
      "integrity": "sha512-82qgIH0UC039kcvcFDJkY8GuUOgPFrkYe/0zNFkA0AXvuvL4RHxWb8SWRiPwtP8jKaKEOedyjopfyH84aLiu7Q==",
      "requires": {
        "apollo-link": "1.2.2"
      }
    },
    "apollo-link-http": {
      "version": "1.5.4",
      "resolved": "https://registry.npmjs.org/apollo-link-http/-/apollo-link-http-1.5.4.tgz",
      "integrity": "sha512-e9Ng3HfnW00Mh3TI6DhNRfozmzQOtKgdi+qUAsHBOEcTP0PTAmb+9XpeyEEOueLyO0GXhB92HUCIhzrWMXgwyg==",
      "requires": {
        "apollo-link": "1.2.2",
        "apollo-link-http-common": "0.2.4"
      }
    },
    "apollo-link-http-common": {
      "version": "0.2.4",
      "resolved": "https://registry.npmjs.org/apollo-link-http-common/-/apollo-link-http-common-0.2.4.tgz",
      "integrity": "sha512-4j6o6WoXuSPen9xh4NBaX8/vL98X1xY2cYzUEK1F8SzvHe2oFONfxJBTekwU8hnvapcuq8Qh9Uct+gelu8T10g==",
      "requires": {
        "apollo-link": "1.2.2"
      }
    },
    "apollo-link-state": {
      "version": "0.4.1",
      "resolved": "https://registry.npmjs.org/apollo-link-state/-/apollo-link-state-0.4.1.tgz",
      "integrity": "sha512-69/til4ENfl/Fvf7br2xSsLSBcxcXPbOHVNkzLLejvUZickl93HLO4/fO+uvoBi4dCYRgN17Zr8FwI41ueRx0g==",
      "requires": {
        "apollo-utilities": "1.0.12",
        "graphql-anywhere": "4.1.10"
      }
    },
    "apollo-utilities": {
      "version": "1.0.12",
      "resolved": "https://registry.npmjs.org/apollo-utilities/-/apollo-utilities-1.0.12.tgz",
      "integrity": "sha512-3mSen+NLouRwhmzCSHbMICfLBa6J+QJOc+M8zzLyo10jAYsOK+A2VgR63q4mcQJmAp8LumC5VAyah1zw6enMcg=="
    },
    "graphql": {
      "version": "0.13.2",
      "resolved": "https://registry.npmjs.org/graphql/-/graphql-0.13.2.tgz",
      "integrity": "sha512-QZ5BL8ZO/B20VA8APauGBg3GyEgZ19eduvpLWoq5x7gMmWnHoy8rlQWPLmWgFvo1yNgjSEFMesmS4R6pPr7xog==",
      "requires": {
        "iterall": "1.2.2"
      }
    },
    "graphql-anywhere": {
      "version": "4.1.10",
      "resolved": "https://registry.npmjs.org/graphql-anywhere/-/graphql-anywhere-4.1.10.tgz",
      "integrity": "sha512-ab1O4mOkjlk+17ye5a7DxUuWafKP8aoH+xmc6SsPNZlrQ7spbArqyLIf2JdbwpzsVLXOyRvQpD6tcc0GtnxBfw==",
      "requires": {
        "apollo-utilities": "1.0.12"
      }
    },
    "graphql-tag": {
      "version": "2.9.2",
      "resolved": "https://registry.npmjs.org/graphql-tag/-/graphql-tag-2.9.2.tgz",
      "integrity": "sha512-qnNmof9pAqj/LUzs3lStP0Gw1qhdVCUS7Ab7+SUB6KD5aX1uqxWQRwMnOGTkhKuLvLNIs1TvNz+iS9kUGl1MhA=="
    },
    "iterall": {
      "version": "1.2.2",
      "resolved": "https://registry.npmjs.org/iterall/-/iterall-1.2.2.tgz",
      "integrity": "sha512-yynBb1g+RFUPY64fTrFv7nsjRrENBQJaX2UL+2Szc9REFrSNm1rpSXHGzhmAy7a9uv3vlvgBlXnf9RqmPH1/DA=="
    },
    "lodash.debounce": {
      "version": "4.0.8",
      "resolved": "https://registry.npmjs.org/lodash.debounce/-/lodash.debounce-4.0.8.tgz",
      "integrity": "sha1-gteb/zCmfEAF/9XiUVMArZyk168="
    },
    "lodash.omit": {
      "version": "4.5.0",
      "resolved": "https://registry.npmjs.org/lodash.omit/-/lodash.omit-4.5.0.tgz",
      "integrity": "sha1-brGa5aHuHdnfC5aeZs4Lf6MLXmA="
    },
    "lodash.throttle": {
      "version": "4.1.1",
      "resolved": "https://registry.npmjs.org/lodash.throttle/-/lodash.throttle-4.1.1.tgz",
      "integrity": "sha1-wj6RtxAkKscMN/HhzaknTMOb8vQ="
    },
    "symbol-observable": {
      "version": "1.2.0",
      "resolved": "https://registry.npmjs.org/symbol-observable/-/symbol-observable-1.2.0.tgz",
      "integrity": "sha512-e900nM8RRtGhlV36KGEU9k65K3mPb1WV70OdjfxlG2EAuM1noi/E/BaW/uMhL7bPEssK8QV57vN3esixjUvcXQ=="
    },
    "tachyons": {
      "version": "4.9.1",
      "resolved": "https://registry.npmjs.org/tachyons/-/tachyons-4.9.1.tgz",
      "integrity": "sha512-trJFXhzDZeHRcd9Bqn6ub3e0VqGWKMsGdP7RJoT+8Ihoak41o1qCwqcFx8hsFlfFWa6a4jsb464TNXnTt+MPnw=="
    },
    "vue": {
      "version": "2.5.16",
      "resolved": "https://registry.npmjs.org/vue/-/vue-2.5.16.tgz",
      "integrity": "sha512-/ffmsiVuPC8PsWcFkZngdpas19ABm5mh2wA7iDqcltyCTwlgZjHGeJYOXkBMo422iPwIcviOtrTCUpSfXmToLQ=="
    },
    "vue-apollo": {
      "version": "3.0.0-beta.9",
      "resolved": "https://registry.npmjs.org/vue-apollo/-/vue-apollo-3.0.0-beta.9.tgz",
      "integrity": "sha512-bSxev7CYP+PZr7YEKqFJxVMKwywRTbnPuK1APrexswcT0a915+U+bD9EhGY1Bg8SqSI6uB59KGNcxSBt15OmHA==",
      "requires": {
        "lodash.debounce": "4.0.8",
        "lodash.omit": "4.5.0",
        "lodash.throttle": "4.1.1"
      }
    },
    "vue-router": {
      "version": "3.0.1",
      "resolved": "https://registry.npmjs.org/vue-router/-/vue-router-3.0.1.tgz",
      "integrity": "sha512-vLLoY452L+JBpALMP5UHum9+7nzR9PeIBCghU9ZtJ1eWm6ieUI8Zb/DI3MYxH32bxkjzYV1LRjNv4qr8d+uX/w=="
    },
    "zen-observable": {
      "version": "0.8.8",
      "resolved": "https://registry.npmjs.org/zen-observable/-/zen-observable-0.8.8.tgz",
      "integrity": "sha512-HnhhyNnwTFzS48nihkCZIJGsWGFcYUz+XPDlPK5W84Ifji8SksC6m7sQWOf8zdCGhzQ4tDYuMYGu5B0N1dXTtg=="
    },
    "zen-observable-ts": {
      "version": "0.8.9",
      "resolved": "https://registry.npmjs.org/zen-observable-ts/-/zen-observable-ts-0.8.9.tgz",
      "integrity": "sha512-KJz2O8FxbAdAU5CSc8qZ1K2WYEJb1HxS6XDRF+hOJ1rOYcg6eTMmS9xYHCXzqZZzKw6BbXWyF4UpwSsBQnHJeA==",
      "requires": {
        "zen-observable": "0.8.8"
      }
    }
  }
}
